// !$*UTF8*$!
{
	archiveVersion = 1;
	classes = {
	};
	objectVersion = 50;
	objects = {

/* Begin PBXBuildFile section */
		464E8EEE24499DEA00EDED42 /* main.c in Sources */ = {isa = PBXBuildFile; fileRef = 464E8EED24499DEA00EDED42 /* main.c */; };
		464E8EF724499EBF00EDED42 /* v_pool.c in Sources */ = {isa = PBXBuildFile; fileRef = 464E8EF624499EBF00EDED42 /* v_pool.c */; };
		464E8EFA2449A13000EDED42 /* atomque.c in Sources */ = {isa = PBXBuildFile; fileRef = 464E8EF82449A13000EDED42 /* atomque.c */; };
/* End PBXBuildFile section */

/* Begin PBXCopyFilesBuildPhase section */
		464E8EE824499DEA00EDED42 /* CopyFiles */ = {
			isa = PBXCopyFilesBuildPhase;
			buildActionMask = 2147483647;
			dstPath = /usr/share/man/man1/;
			dstSubfolderSpec = 0;
			files = (
			);
			runOnlyForDeploymentPostprocessing = 1;
		};
/* End PBXCopyFilesBuildPhase section */

/* Begin PBXFileReference section */
		464E8EEA24499DEA00EDED42 /* v_pool */ = {isa = PBXFileReference; explicitFileType = "compiled.mach-o.executable"; includeInIndex = 0; path = v_pool; sourceTree = BUILT_PRODUCTS_DIR; };
		464E8EED24499DEA00EDED42 /* main.c */ = {isa = PBXFileReference; lastKnownFileType = sourcecode.c.c; path = main.c; sourceTree = "<group>"; };
		464E8EF524499EBF00EDED42 /* v_pool.h */ = {isa = PBXFileReference; lastKnownFileType = sourcecode.c.h; path = v_pool.h; sourceTree = "<group>"; };
		464E8EF624499EBF00EDED42 /* v_pool.c */ = {isa = PBXFileReference; lastKnownFileType = sourcecode.c.c; path = v_pool.c; sourceTree = "<group>"; };
		464E8EF82449A13000EDED42 /* atomque.c */ = {isa = PBXFileReference; fileEncoding = 4; lastKnownFileType = sourcecode.c.c; path = atomque.c; sourceTree = "<group>"; };
		464E8EF92449A13000EDED42 /* atomque.h */ = {isa = PBXFileReference; fileEncoding = 4; lastKnownFileType = sourcecode.c.h; path = atomque.h; sourceTree = "<group>"; };
/* End PBXFileReference section */

/* Begin PBXFrameworksBuildPhase section */
		464E8EE724499DEA00EDED42 /* Frameworks */ = {
			isa = PBXFrameworksBuildPhase;
			buildActionMask = 2147483647;
			files = (
			);
			runOnlyForDeploymentPostprocessing = 0;
		};
/* End PBXFrameworksBuildPhase section */

/* Begin PBXGroup section */
		464E8EE124499DEA00EDED42 = {
			isa = PBXGroup;
			children = (
				464E8EEC24499DEA00EDED42 /* v_pool */,
				464E8EEB24499DEA00EDED42 /* Products */,
			);
			sourceTree = "<group>";
		};
		464E8EEB24499DEA00EDED42 /* Products */ = {
			isa = PBXGroup;
			children = (
				464E8EEA24499DEA00EDED42 /* v_pool */,
			);
			name = Products;
			sourceTree = "<group>";
		};
		464E8EEC24499DEA00EDED42 /* v_pool */ = {
			isa = PBXGroup;
			children = (
				464E8EF424499EAA00EDED42 /* src */,
				464E8EED24499DEA00EDED42 /* main.c */,
			);
			path = v_pool;
			sourceTree = "<group>";
		};
		464E8EF424499EAA00EDED42 /* src */ = {
			isa = PBXGroup;
			children = (
				464E8EF82449A13000EDED42 /* atomque.c */,
				464E8EF92449A13000EDED42 /* atomque.h */,
				464E8EF524499EBF00EDED42 /* v_pool.h */,
				464E8EF624499EBF00EDED42 /* v_pool.c */,
			);
			path = src;
			sourceTree = "<group>";
		};
/* End PBXGroup section */

/* Begin PBXNativeTarget section */
		464E8EE924499DEA00EDED42 /* v_pool */ = {
			isa = PBXNativeTarget;
			buildConfigurationList = 464E8EF124499DEA00EDED42 /* Build configuration list for PBXNativeTarget "v_pool" */;
			buildPhases = (
				464E8EE624499DEA00EDED42 /* Sources */,
				464E8EE724499DEA00EDED42 /* Frameworks */,
				464E8EE824499DEA00EDED42 /* CopyFiles */,
			);
			buildRules = (
			);
			dependencies = (
			);
			name = v_pool;
			productName = v_pool;
			productReference = 464E8EEA24499DEA00EDED42 /* v_pool */;
			productType = "com.apple.product-type.tool";
		};
/* End PBXNativeTarget section */

/* Begin PBXProject section */
		464E8EE224499DEA00EDED42 /* Project object */ = {
			isa = PBXProject;
			attributes = {
				LastUpgradeCheck = 1130;
				ORGANIZATIONNAME = GodL;
				TargetAttributes = {
					464E8EE924499DEA00EDED42 = {
						CreatedOnToolsVersion = 11.3;
					};
				};
			};
			buildConfigurationList = 464E8EE524499DEA00EDED42 /* Build configuration list for PBXProject "v_pool" */;
			compatibilityVersion = "Xcode 9.3";
			developmentRegion = en;
			hasScannedForEncodings = 0;
			knownRegions = (
				en,
				Base,
			);
			mainGroup = 464E8EE124499DEA00EDED42;
			productRefGroup = 464E8EEB24499DEA00EDED42 /* Products */;
			projectDirPath = "";
			projectRoot = "";
			targets = (
				464E8EE924499DEA00EDED42 /* v_pool */,
			);
		};
/* End PBXProject section */

/* Begin PBXSourcesBuildPhase section */
		464E8EE624499DEA00EDED42 /* Sources */ = {
			isa = PBXSourcesBuildPhase;
			buildActionMask = 2147483647;
			files = (
				464E8EF724499EBF00EDED42 /* v_pool.c in Sources */,
				464E8EFA2449A13000EDED42 /* atomque.c in Sources */,
				464E8EEE24499DEA00EDED42 /* main.c in Sources */,
			);
			runOnlyForDeploymentPostprocessing = 0;
		};
/* End PBXSourcesBuildPhase section */

/* Begin XCBuildConfiguration section */
		464E8EEF24499DEA00EDED42 /* Debug */ = {
			isa = XCBuildConfiguration;
			buildSettings = {
				ALWAYS_SEARCH_USER_PATHS = NO;
				CLANG_ANALYZER_NONNULL = YES;
				CLANG_ANALYZER_NUMBER_OBJECT_CONVERSION = YES_AGGRESSIVE;
				CLANG_CXX_LANGUAGE_STANDARD = "gnu++14";
				CLANG_CXX_LIBRARY = "libc++";
				CLANG_ENABLE_MODULES = YES;
				CLANG_ENABLE_OBJC_ARC = YES;
				CLANG_ENABLE_OBJC_WEAK = YES;
				CLANG_WARN_BLOCK_CAPTURE_AUTORELEASING = YES;
				CLANG_WARN_BOOL_CONVERSION = YES;
				CLANG_WARN_COMMA = YES;
				CLANG_WARN_CONSTANT_CONVERSION = YES;
				CLANG_WARN_DEPRECATED_OBJC_IMPLEMENTATIONS = YES;
				CLANG_WARN_DIRECT_OBJC_ISA_USAGE = YES_ERROR;
				CLANG_WARN_DOCUMENTATION_COMMENTS = YES;
				CLANG_WARN_EMPTY_BODY = YES;
				CLANG_WARN_ENUM_CONVERSION = YES;
				CLANG_WARN_INFINITE_RECURSION = YES;
				CLANG_WARN_INT_CONVERSION = YES;
				CLANG_WARN_NON_LITERAL_NULL_CONVERSION = YES;
				CLANG_WARN_OBJC_IMPLICIT_RETAIN_SELF = YES;
				CLANG_WARN_OBJC_LITERAL_CONVERSION = YES;
				CLANG_WARN_OBJC_ROOT_CLASS = YES_ERROR;
				CLANG_WARN_RANGE_LOOP_ANALYSIS = YES;
				CLANG_WARN_STRICT_PROTOTYPES = YES;
				CLANG_WARN_SUSPICIOUS_MOVE = YES;
				CLANG_WARN_UNGUARDED_AVAILABILITY = YES_AGGRESSIVE;
				CLANG_WARN_UNREACHABLE_CODE = YES;
				CLANG_WARN__DUPLICATE_METHOD_MATCH = YES;
				COPY_PHASE_STRIP = NO;
				DEBUG_INFORMATION_FORMAT = dwarf;
				ENABLE_STRICT_OBJC_MSGSEND = YES;
				ENABLE_TESTABILITY = YES;
				GCC_C_LANGUAGE_STANDARD = gnu11;
				GCC_DYNAMIC_NO_PIC = NO;
				GCC_NO_COMMON_BLOCKS = YES;
				GCC_OPTIMIZATION_LEVEL = 0;
				GCC_PREPROCESSOR_DEFINITIONS = (
					"DEBUG=1",
					"$(inherited)",
				);
				GCC_WARN_64_TO_32_BIT_CONVERSION = YES;
				GCC_WARN_ABOUT_RETURN_TYPE = YES_ERROR;
				GCC_WARN_UNDECLARED_SELECTOR = YES;
				GCC_WARN_UNINITIALIZED_AUTOS = YES_AGGRESSIVE;
				GCC_WARN_UNUSED_FUNCTION = YES;
				GCC_WARN_UNUSED_VARIABLE = YES;
				MACOSX_DEPLOYMENT_TARGET = 10.15;
				MTL_ENABLE_DEBUG_INFO = INCLUDE_SOURCE;
				MTL_FAST_MATH = YES;
				ONLY_ACTIVE_ARCH = YES;
				SDKROOT = macosx;
			};
			name = Debug;
		};
		464E8EF024499DEA00EDED42 /* Release */ = {
			isa = XCBuildConfiguration;
			buildSettings = {
				ALWAYS_SEARCH_USER_PATHS = NO;
				CLANG_ANALYZER_NONNULL = YES;
				CLANG_ANALYZER_NUMBER_OBJECT_CONVERSION = YES_AGGRESSIVE;
				CLANG_CXX_LANGUAGE_STANDARD = "gnu++14";
				CLANG_CXX_LIBRARY = "libc++";
				CLANG_ENABLE_MODULES = YES;
				CLANG_ENABLE_OBJC_ARC = YES;
				CLANG_ENABLE_OBJC_WEAK = YES;
				CLANG_WARN_BLOCK_CAPTURE_AUTORELEASING = YES;
				CLANG_WARN_BOOL_CONVERSION = YES;
				CLANG_WARN_COMMA = YES;
				CLANG_WARN_CONSTANT_CONVERSION = YES;
				CLANG_WARN_DEPRECATED_OBJC_IMPLEMENTATIONS = YES;
				CLANG_WARN_DIRECT_OBJC_ISA_USAGE = YES_ERROR;
				CLANG_WARN_DOCUMENTATION_COMMENTS = YES;
				CLANG_WARN_EMPTY_BODY = YES;
				CLANG_WARN_ENUM_CONVERSION = YES;
				CLANG_WARN_INFINITE_RECURSION = YES;
				CLANG_WARN_INT_CONVERSION = YES;
				CLANG_WARN_NON_LITERAL_NULL_CONVERSION = YES;
				CLANG_WARN_OBJC_IMPLICIT_RETAIN_SELF = YES;
				CLANG_WARN_OBJC_LITERAL_CONVERSION = YES;
				CLANG_WARN_OBJC_ROOT_CLASS = YES_ERROR;
				CLANG_WARN_RANGE_LOOP_ANALYSIS = YES;
				CLANG_WARN_STRICT_PROTOTYPES = YES;
				CLANG_WARN_SUSPICIOUS_MOVE = YES;
				CLANG_WARN_UNGUARDED_AVAILABILITY = YES_AGGRESSIVE;
				CLANG_WARN_UNREACHABLE_CODE = YES;
				CLANG_WARN__DUPLICATE_METHOD_MATCH = YES;
				COPY_PHASE_STRIP = NO;
				DEBUG_INFORMATION_FORMAT = "dwarf-with-dsym";
				ENABLE_NS_ASSERTIONS = NO;
				ENABLE_STRICT_OBJC_MSGSEND = YES;
				GCC_C_LANGUAGE_STANDARD = gnu11;
				GCC_NO_COMMON_BLOCKS = YES;
				GCC_WARN_64_TO_32_BIT_CONVERSION = YES;
				GCC_WARN_ABOUT_RETURN_TYPE = YES_ERROR;
				GCC_WARN_UNDECLARED_SELECTOR = YES;
				GCC_WARN_UNINITIALIZED_AUTOS = YES_AGGRESSIVE;
				GCC_WARN_UNUSED_FUNCTION = YES;
				GCC_WARN_UNUSED_VARIABLE = YES;
				MACOSX_DEPLOYMENT_TARGET = 10.15;
				MTL_ENABLE_DEBUG_INFO = NO;
				MTL_FAST_MATH = YES;
				SDKROOT = macosx;
			};
			name = Release;
		};
		464E8EF224499DEA00EDED42 /* Debug */ = {
			isa = XCBuildConfiguration;
			buildSettings = {
				CODE_SIGN_STYLE = Automatic;
				PRODUCT_NAME = "$(TARGET_NAME)";
			};
			name = Debug;
		};
		464E8EF324499DEA00EDED42 /* Release */ = {
			isa = XCBuildConfiguration;
			buildSettings = {
				CODE_SIGN_STYLE = Automatic;
				PRODUCT_NAME = "$(TARGET_NAME)";
			};
			name = Release;
		};
/* End XCBuildConfiguration section */

/* Begin XCConfigurationList section */
		464E8EE524499DEA00EDED42 /* Build configuration list for PBXProject "v_pool" */ = {
			isa = XCConfigurationList;
			buildConfigurations = (
				464E8EEF24499DEA00EDED42 /* Debug */,
				464E8EF024499DEA00EDED42 /* Release */,
			);
			defaultConfigurationIsVisible = 0;
			defaultConfigurationName = Release;
		};
		464E8EF124499DEA00EDED42 /* Build configuration list for PBXNativeTarget "v_pool" */ = {
			isa = XCConfigurationList;
			buildConfigurations = (
				464E8EF224499DEA00EDED42 /* Debug */,
				464E8EF324499DEA00EDED42 /* Release */,
			);
			defaultConfigurationIsVisible = 0;
			defaultConfigurationName = Release;
		};
/* End XCConfigurationList section */
	};
	rootObject = 464E8EE224499DEA00EDED42 /* Project object */;
}
